
Microsoft Visual Studio Solution File, Format Version 12.00
# Visual Studio for Mac
Project("{FAE04EC0-301F-11D3-BF4B-00C04F79EFBC}") = "Prototype_1", "Assembly-CSharp.csproj", "{16A84A02-F48A-99C0-433F-81692AC93E49}"
EndProject
Project("{FAE04EC0-301F-11D3-BF4B-00C04F79EFBC}") = "Prototype_1", "Assembly-CSharp-firstpass.csproj", "{6431011F-67BF-BC94-A433-B4913BDCB6CC}"
EndProject
Project("{FAE04EC0-301F-11D3-BF4B-00C04F79EFBC}") = "Prototype_1", "Assembly-CSharp-Editor.csproj", "{BAAB7071-E6F4-0E35-712F-CE0E4CE4E434}"
EndProject
Project("{FAE04EC0-301F-11D3-BF4B-00C04F79EFBC}") = "Prototype_1", "Assembly-CSharp-Editor-firstpass.csproj", "{51476A41-D14A-2B15-ED10-E353C373B4A2}"
EndProject
Global
	GlobalSection(SolutionConfigurationPlatforms) = preSolution
		Debug|Any CPU = Debug|Any CPU
		Release|Any CPU = Release|Any CPU
	EndGlobalSection
	GlobalSection(ProjectConfigurationPlatforms) = postSolution
		{16A84A02-F48A-99C0-433F-81692AC93E49}.Debug|Any CPU.ActiveCfg = Debug|Any CPU
		{16A84A02-F48A-99C0-433F-81692AC93E49}.Debug|Any CPU.Build.0 = Debug|Any CPU
		{16A84A02-F48A-99C0-433F-81692AC93E49}.Release|Any CPU.ActiveCfg = Release|Any CPU
		{16A84A02-F48A-99C0-433F-81692AC93E49}.Release|Any CPU.Build.0 = Release|Any CPU
		{6431011F-67BF-BC94-A433-B4913BDCB6CC}.Debug|Any CPU.ActiveCfg = Debug|Any CPU
		{6431011F-67BF-BC94-A433-B4913BDCB6CC}.Debug|Any CPU.Build.0 = Debug|Any CPU
		{6431011F-67BF-BC94-A433-B4913BDCB6CC}.Release|Any CPU.ActiveCfg = Release|Any CPU
		{6431011F-67BF-BC94-A433-B4913BDCB6CC}.Release|Any CPU.Build.0 = Release|Any CPU
		{BAAB7071-E6F4-0E35-712F-CE0E4CE4E434}.Debug|Any CPU.ActiveCfg = Debug|Any CPU
		{BAAB7071-E6F4-0E35-712F-CE0E4CE4E434}.Debug|Any CPU.Build.0 = Debug|Any CPU
		{BAAB7071-E6F4-0E35-712F-CE0E4CE4E434}.Release|Any CPU.ActiveCfg = Release|Any CPU
		{BAAB7071-E6F4-0E35-712F-CE0E4CE4E434}.Release|Any CPU.Build.0 = Release|Any CPU
		{51476A41-D14A-2B15-ED10-E353C373B4A2}.Debug|Any CPU.ActiveCfg = Debug|Any CPU
		{51476A41-D14A-2B15-ED10-E353C373B4A2}.Debug|Any CPU.Build.0 = Debug|Any CPU
		{51476A41-D14A-2B15-ED10-E353C373B4A2}.Release|Any CPU.ActiveCfg = Release|Any CPU
		{51476A41-D14A-2B15-ED10-E353C373B4A2}.Release|Any CPU.Build.0 = Release|Any CPU
	EndGlobalSection
	GlobalSection(SolutionProperties) = preSolution
		HideSolutionNode = FALSE
	EndGlobalSection
EndGlobal
